# THIS IS AN AUTOGENERATED FILE. DO NOT EDIT THIS FILE DIRECTLY.
# yarn lockfile v1


align-text@^0.1.1, align-text@^0.1.3:
  version "0.1.4"
  resolved "https://registry.yarnpkg.com/align-text/-/align-text-0.1.4.tgz#0cd90a561093f35d0a99256c22b7069433fad117"
  dependencies:
    kind-of "^3.0.2"
    longest "^1.0.1"
    repeat-string "^1.5.2"

amdefine@>=0.0.4:
  version "1.0.1"
  resolved "https://registry.yarnpkg.com/amdefine/-/amdefine-1.0.1.tgz#4a5282ac164729e93619bcfd3ad151f817ce91f5"

ansi-regex@^2.0.0:
  version "2.1.1"
  resolved "https://registry.yarnpkg.com/ansi-regex/-/ansi-regex-2.1.1.tgz#c3b33ab5ee360d86e0e628f0468ae7ef27d654df"

ansi-styles@^2.2.1:
  version "2.2.1"
  resolved "https://registry.yarnpkg.com/ansi-styles/-/ansi-styles-2.2.1.tgz#b432dd3358b634cf75e1e4664368240533c1ddbe"

babel-code-frame@^6.22.0:
  version "6.22.0"
  resolved "https://registry.yarnpkg.com/babel-code-frame/-/babel-code-frame-6.22.0.tgz#027620bee567a88c32561574e7fd0801d33118e4"
  dependencies:
    chalk "^1.1.0"
    esutils "^2.0.2"
    js-tokens "^3.0.0"

babel-core@^6.24.1:
  version "6.25.0"
  resolved "https://registry.yarnpkg.com/babel-core/-/babel-core-6.25.0.tgz#7dd42b0463c742e9d5296deb3ec67a9322dad729"
  dependencies:
    babel-code-frame "^6.22.0"
    babel-generator "^6.25.0"
    babel-helpers "^6.24.1"
    babel-messages "^6.23.0"
    babel-register "^6.24.1"
    babel-runtime "^6.22.0"
    babel-template "^6.25.0"
    babel-traverse "^6.25.0"
    babel-types "^6.25.0"
    babylon "^6.17.2"
    convert-source-map "^1.1.0"
    debug "^2.1.1"
    json5 "^0.5.0"
    lodash "^4.2.0"
    minimatch "^3.0.2"
    path-is-absolute "^1.0.0"
    private "^0.1.6"
    slash "^1.0.0"
    source-map "^0.5.0"

babel-generator@^6.25.0:
  version "6.25.0"
  resolved "https://registry.yarnpkg.com/babel-generator/-/babel-generator-6.25.0.tgz#33a1af70d5f2890aeb465a4a7793c1df6a9ea9fc"
  dependencies:
    babel-messages "^6.23.0"
    babel-runtime "^6.22.0"
    babel-types "^6.25.0"
    detect-indent "^4.0.0"
    jsesc "^1.3.0"
    lodash "^4.2.0"
    source-map "^0.5.0"
    trim-right "^1.0.1"

babel-helper-hoist-variables@^6.24.1:
  version "6.24.1"
  resolved "https://registry.yarnpkg.com/babel-helper-hoist-variables/-/babel-helper-hoist-variables-6.24.1.tgz#1ecb27689c9d25513eadbc9914a73f5408be7a76"
  dependencies:
    babel-runtime "^6.22.0"
    babel-types "^6.24.1"

babel-helpers@^6.24.1:
  version "6.24.1"
  resolved "https://registry.yarnpkg.com/babel-helpers/-/babel-helpers-6.24.1.tgz#3471de9caec388e5c850e597e58a26ddf37602b2"
  dependencies:
    babel-runtime "^6.22.0"
    babel-template "^6.24.1"

babel-messages@^6.23.0:
  version "6.23.0"
  resolved "https://registry.yarnpkg.com/babel-messages/-/babel-messages-6.23.0.tgz#f3cdf4703858035b2a2951c6ec5edf6c62f2630e"
  dependencies:
    babel-runtime "^6.22.0"

babel-plugin-syntax-dynamic-import@^6.18.0:
  version "6.18.0"
  resolved "https://registry.yarnpkg.com/babel-plugin-syntax-dynamic-import/-/babel-plugin-syntax-dynamic-import-6.18.0.tgz#8d6a26229c83745a9982a441051572caa179b1da"

babel-plugin-transform-amd-system-wrapper@^0.3.7:
  version "0.3.7"
  resolved "https://registry.yarnpkg.com/babel-plugin-transform-amd-system-wrapper/-/babel-plugin-transform-amd-system-wrapper-0.3.7.tgz#521c782d35644491c979ea683e8a5e1caff0ba42"
  dependencies:
    babel-template "^6.9.0"

babel-plugin-transform-cjs-system-wrapper@^0.6.2:
  version "0.6.2"
  resolved "https://registry.yarnpkg.com/babel-plugin-transform-cjs-system-wrapper/-/babel-plugin-transform-cjs-system-wrapper-0.6.2.tgz#bd7494775289424ff493b6ed455de495bd71ba1d"
  dependencies:
    babel-template "^6.9.0"

babel-plugin-transform-es2015-modules-systemjs@^6.6.5:
  version "6.24.1"
  resolved "https://registry.yarnpkg.com/babel-plugin-transform-es2015-modules-systemjs/-/babel-plugin-transform-es2015-modules-systemjs-6.24.1.tgz#ff89a142b9119a906195f5f106ecf305d9407d23"
  dependencies:
    babel-helper-hoist-variables "^6.24.1"
    babel-runtime "^6.22.0"
    babel-template "^6.24.1"

babel-plugin-transform-global-system-wrapper@^0.3.4:
  version "0.3.4"
  resolved "https://registry.yarnpkg.com/babel-plugin-transform-global-system-wrapper/-/babel-plugin-transform-global-system-wrapper-0.3.4.tgz#948dd7d29fc21447e39bd3447f2debc7f2f73aac"
  dependencies:
    babel-template "^6.9.0"

babel-plugin-transform-system-register@^0.0.1:
  version "0.0.1"
  resolved "https://registry.yarnpkg.com/babel-plugin-transform-system-register/-/babel-plugin-transform-system-register-0.0.1.tgz#9dff40390c2763ac518f0b2ad7c5ea4f65a5be25"

babel-register@^6.24.1:
  version "6.24.1"
  resolved "https://registry.yarnpkg.com/babel-register/-/babel-register-6.24.1.tgz#7e10e13a2f71065bdfad5a1787ba45bca6ded75f"
  dependencies:
    babel-core "^6.24.1"
    babel-runtime "^6.22.0"
    core-js "^2.4.0"
    home-or-tmp "^2.0.0"
    lodash "^4.2.0"
    mkdirp "^0.5.1"
    source-map-support "^0.4.2"

babel-runtime@^6.22.0:
  version "6.23.0"
  resolved "https://registry.yarnpkg.com/babel-runtime/-/babel-runtime-6.23.0.tgz#0a9489f144de70efb3ce4300accdb329e2fc543b"
  dependencies:
    core-js "^2.4.0"
    regenerator-runtime "^0.10.0"

babel-template@^6.24.1, babel-template@^6.25.0, babel-template@^6.9.0:
  version "6.25.0"
  resolved "https://registry.yarnpkg.com/babel-template/-/babel-template-6.25.0.tgz#665241166b7c2aa4c619d71e192969552b10c071"
  dependencies:
    babel-runtime "^6.22.0"
    babel-traverse "^6.25.0"
    babel-types "^6.25.0"
    babylon "^6.17.2"
    lodash "^4.2.0"

babel-traverse@^6.25.0:
  version "6.25.0"
  resolved "https://registry.yarnpkg.com/babel-traverse/-/babel-traverse-6.25.0.tgz#2257497e2fcd19b89edc13c4c91381f9512496f1"
  dependencies:
    babel-code-frame "^6.22.0"
    babel-messages "^6.23.0"
    babel-runtime "^6.22.0"
    babel-types "^6.25.0"
    babylon "^6.17.2"
    debug "^2.2.0"
    globals "^9.0.0"
    invariant "^2.2.0"
    lodash "^4.2.0"

babel-types@^6.24.1, babel-types@^6.25.0:
  version "6.25.0"
  resolved "https://registry.yarnpkg.com/babel-types/-/babel-types-6.25.0.tgz#70afb248d5660e5d18f811d91c8303b54134a18e"
  dependencies:
    babel-runtime "^6.22.0"
    esutils "^2.0.2"
    lodash "^4.2.0"
    to-fast-properties "^1.0.1"

babylon@^6.17.2:
  version "6.17.4"
  resolved "https://registry.yarnpkg.com/babylon/-/babylon-6.17.4.tgz#3e8b7402b88d22c3423e137a1577883b15ff869a"

balanced-match@^1.0.0:
  version "1.0.0"
  resolved "https://registry.yarnpkg.com/balanced-match/-/balanced-match-1.0.0.tgz#89b4d199ab2bee49de164ea02b89ce462d71b767"

bluebird@^3.3.4:
  version "3.5.0"
  resolved "https://registry.yarnpkg.com/bluebird/-/bluebird-3.5.0.tgz#791420d7f551eea2897453a8a77653f96606d67c"

brace-expansion@^1.1.7:
  version "1.1.8"
  resolved "https://registry.yarnpkg.com/brace-expansion/-/brace-expansion-1.1.8.tgz#c07b211c7c952ec1f8efd51a77ef0d1d3990a292"
  dependencies:
    balanced-match "^1.0.0"
    concat-map "0.0.1"

camelcase@^1.0.2:
  version "1.2.1"
  resolved "https://registry.yarnpkg.com/camelcase/-/camelcase-1.2.1.tgz#9bb5304d2e0b56698b2c758b08a3eaa9daa58a39"

center-align@^0.1.1:
  version "0.1.3"
  resolved "https://registry.yarnpkg.com/center-align/-/center-align-0.1.3.tgz#aa0d32629b6ee972200411cbd4461c907bc2b7ad"
  dependencies:
    align-text "^0.1.3"
    lazy-cache "^1.0.3"

chalk@^1.1.0:
  version "1.1.3"
  resolved "https://registry.yarnpkg.com/chalk/-/chalk-1.1.3.tgz#a8115c55e4a702fe4d150abd3872822a7e09fc98"
  dependencies:
    ansi-styles "^2.2.1"
    escape-string-regexp "^1.0.2"
    has-ansi "^2.0.0"
    strip-ansi "^3.0.0"
    supports-color "^2.0.0"

cliui@^2.1.0:
  version "2.1.0"
  resolved "https://registry.yarnpkg.com/cliui/-/cliui-2.1.0.tgz#4b475760ff80264c762c3a1719032e91c7fea0d1"
  dependencies:
    center-align "^0.1.1"
    right-align "^0.1.1"
    wordwrap "0.0.2"

commander@2.9.x:
  version "2.9.0"
  resolved "https://registry.yarnpkg.com/commander/-/commander-2.9.0.tgz#9c99094176e12240cb22d6c5146098400fe0f7d4"
  dependencies:
    graceful-readlink ">= 1.0.0"

concat-map@0.0.1:
  version "0.0.1"
  resolved "https://registry.yarnpkg.com/concat-map/-/concat-map-0.0.1.tgz#d8a96bd77fd68df7793a73036a3ba0d5405d477b"

convert-source-map@^1.1.0:
  version "1.5.0"
  resolved "https://registry.yarnpkg.com/convert-source-map/-/convert-source-map-1.5.0.tgz#9acd70851c6d5dfdd93d9282e5edf94a03ff46b5"

core-js@^2.4.0:
  version "2.4.1"
  resolved "https://registry.yarnpkg.com/core-js/-/core-js-2.4.1.tgz#4de911e667b0eae9124e34254b53aea6fc618d3e"

d@1:
  version "1.0.0"
  resolved "https://registry.yarnpkg.com/d/-/d-1.0.0.tgz#754bb5bfe55451da69a58b94d45f4c5b0462d58f"
  dependencies:
    es5-ext "^0.10.9"

data-uri-to-buffer@0.0.4:
  version "0.0.4"
  resolved "https://registry.yarnpkg.com/data-uri-to-buffer/-/data-uri-to-buffer-0.0.4.tgz#46e13ab9da8e309745c8d01ce547213ebdb2fe3f"

debug@^2.1.1, debug@^2.2.0:
  version "2.6.8"
  resolved "https://registry.yarnpkg.com/debug/-/debug-2.6.8.tgz#e731531ca2ede27d188222427da17821d68ff4fc"
  dependencies:
    ms "2.0.0"

decamelize@^1.0.0:
  version "1.2.0"
  resolved "https://registry.yarnpkg.com/decamelize/-/decamelize-1.2.0.tgz#f6534d15148269b20352e7bee26f501f9a191290"

detect-indent@^4.0.0:
  version "4.0.0"
  resolved "https://registry.yarnpkg.com/detect-indent/-/detect-indent-4.0.0.tgz#f76d064352cdf43a1cb6ce619c4ee3a9475de208"
  dependencies:
    repeating "^2.0.0"

es5-ext@^0.10.12, es5-ext@^0.10.14, es5-ext@^0.10.9, es5-ext@~0.10.14:
  version "0.10.23"
  resolved "https://registry.yarnpkg.com/es5-ext/-/es5-ext-0.10.23.tgz#7578b51be974207a5487821b56538c224e4e7b38"
  dependencies:
    es6-iterator "2"
    es6-symbol "~3.1"

es6-iterator@2:
  version "2.0.1"
  resolved "https://registry.yarnpkg.com/es6-iterator/-/es6-iterator-2.0.1.tgz#8e319c9f0453bf575d374940a655920e59ca5512"
  dependencies:
    d "1"
    es5-ext "^0.10.14"
    es6-symbol "^3.1"

es6-symbol@^3.1, es6-symbol@~3.1:
  version "3.1.1"
  resolved "https://registry.yarnpkg.com/es6-symbol/-/es6-symbol-3.1.1.tgz#bf00ef4fdab6ba1b46ecb7b629b4c7ed5715cc77"
  dependencies:
    d "1"
    es5-ext "~0.10.14"

es6-template-strings@^2.0.0:
  version "2.0.1"
  resolved "https://registry.yarnpkg.com/es6-template-strings/-/es6-template-strings-2.0.1.tgz#b166c6a62562f478bb7775f6ca96103a599b4b2c"
  dependencies:
    es5-ext "^0.10.12"
    esniff "^1.1"

escape-string-regexp@^1.0.2:
  version "1.0.5"
  resolved "https://registry.yarnpkg.com/escape-string-regexp/-/escape-string-regexp-1.0.5.tgz#1b61c0562190a8dff6ae3bb2cf0200ca130b86d4"

esniff@^1.1:
  version "1.1.0"
  resolved "https://registry.yarnpkg.com/esniff/-/esniff-1.1.0.tgz#c66849229f91464dede2e0d40201ed6abf65f2ac"
  dependencies:
    d "1"
    es5-ext "^0.10.12"

esutils@^2.0.2:
  version "2.0.2"
  resolved "https://registry.yarnpkg.com/esutils/-/esutils-2.0.2.tgz#0abf4f1caa5bcb1f7a9d8acc6dea4faaa04bac9b"

fs.realpath@^1.0.0:
  version "1.0.0"
  resolved "https://registry.yarnpkg.com/fs.realpath/-/fs.realpath-1.0.0.tgz#1504ad2523158caa40db4a2787cb01411994ea4f"

glob@5.0.x:
  version "5.0.15"
  resolved "https://registry.yarnpkg.com/glob/-/glob-5.0.15.tgz#1bc936b9e02f4a603fcc222ecf7633d30b8b93b1"
  dependencies:
    inflight "^1.0.4"
    inherits "2"
    minimatch "2 || 3"
    once "^1.3.0"
    path-is-absolute "^1.0.0"

glob@^7.0.3:
  version "7.1.2"
  resolved "https://registry.yarnpkg.com/glob/-/glob-7.1.2.tgz#c19c9df9a028702d678612384a6552404c636d15"
  dependencies:
    fs.realpath "^1.0.0"
    inflight "^1.0.4"
    inherits "2"
    minimatch "^3.0.4"
    once "^1.3.0"
    path-is-absolute "^1.0.0"

globals@^9.0.0:
  version "9.18.0"
  resolved "https://registry.yarnpkg.com/globals/-/globals-9.18.0.tgz#aa3896b3e69b487f17e31ed2143d69a8e30c2d8a"

"graceful-readlink@>= 1.0.0":
  version "1.0.1"
  resolved "https://registry.yarnpkg.com/graceful-readlink/-/graceful-readlink-1.0.1.tgz#4cafad76bc62f02fa039b2f94e9a3dd3a391a725"

has-ansi@^2.0.0:
  version "2.0.0"
  resolved "https://registry.yarnpkg.com/has-ansi/-/has-ansi-2.0.0.tgz#34f5049ce1ecdf2b0649af3ef24e45ed35416d91"
  dependencies:
    ansi-regex "^2.0.0"

home-or-tmp@^2.0.0:
  version "2.0.0"
  resolved "https://registry.yarnpkg.com/home-or-tmp/-/home-or-tmp-2.0.0.tgz#e36c3f2d2cae7d746a857e38d18d5f32a7882db8"
  dependencies:
    os-homedir "^1.0.0"
    os-tmpdir "^1.0.1"

inflight@^1.0.4:
  version "1.0.6"
  resolved "https://registry.yarnpkg.com/inflight/-/inflight-1.0.6.tgz#49bd6331d7d02d0c09bc910a1075ba8165b56df9"
  dependencies:
    once "^1.3.0"
    wrappy "1"

inherits@2:
  version "2.0.3"
  resolved "https://registry.yarnpkg.com/inherits/-/inherits-2.0.3.tgz#633c2c83e3da42a502f52466022480f4208261de"

invariant@^2.2.0:
  version "2.2.2"
  resolved "https://registry.yarnpkg.com/invariant/-/invariant-2.2.2.tgz#9e1f56ac0acdb6bf303306f338be3b204ae60360"
  dependencies:
    loose-envify "^1.0.0"

is-buffer@^1.1.5:
  version "1.1.5"
  resolved "https://registry.yarnpkg.com/is-buffer/-/is-buffer-1.1.5.tgz#1f3b26ef613b214b88cbca23cc6c01d87961eecc"

is-finite@^1.0.0:
  version "1.0.2"
  resolved "https://registry.yarnpkg.com/is-finite/-/is-finite-1.0.2.tgz#cc6677695602be550ef11e8b4aa6305342b6d0aa"
  dependencies:
    number-is-nan "^1.0.0"

js-tokens@^3.0.0:
  version "3.0.2"
  resolved "https://registry.yarnpkg.com/js-tokens/-/js-tokens-3.0.2.tgz#9866df395102130e38f7f996bceb65443209c25b"

jsesc@^1.3.0:
  version "1.3.0"
  resolved "https://registry.yarnpkg.com/jsesc/-/jsesc-1.3.0.tgz#46c3fec8c1892b12b0833db9bc7622176dbab34b"

json5@^0.5.0:
  version "0.5.1"
  resolved "https://registry.yarnpkg.com/json5/-/json5-0.5.1.tgz#1eade7acc012034ad84e2396767ead9fa5495821"

kind-of@^3.0.2:
  version "3.2.2"
  resolved "https://registry.yarnpkg.com/kind-of/-/kind-of-3.2.2.tgz#31ea21a734bab9bbb0f32466d893aea51e4a3c64"
  dependencies:
    is-buffer "^1.1.5"

lazy-cache@^1.0.3:
  version "1.0.4"
  resolved "https://registry.yarnpkg.com/lazy-cache/-/lazy-cache-1.0.4.tgz#a1d78fc3a50474cb80845d3b3b6e1da49a446e8e"

lodash@^4.2.0:
  version "4.17.4"
  resolved "https://registry.yarnpkg.com/lodash/-/lodash-4.17.4.tgz#78203a4d1c328ae1d86dca6460e369b57f4055ae"

longest@^1.0.1:
  version "1.0.1"
  resolved "https://registry.yarnpkg.com/longest/-/longest-1.0.1.tgz#30a0b2da38f73770e8294a0d22e6625ed77d0097"

loose-envify@^1.0.0:
  version "1.3.1"
  resolved "https://registry.yarnpkg.com/loose-envify/-/loose-envify-1.3.1.tgz#d1a8ad33fa9ce0e713d65fdd0ac8b748d478c848"
  dependencies:
    js-tokens "^3.0.0"

"minimatch@2 || 3", minimatch@^3.0.2, minimatch@^3.0.4:
  version "3.0.4"
  resolved "https://registry.yarnpkg.com/minimatch/-/minimatch-3.0.4.tgz#5166e286457f03306064be5497e8dbb0c3d32083"
  dependencies:
    brace-expansion "^1.1.7"

minimist@0.0.8:
  version "0.0.8"
  resolved "https://registry.yarnpkg.com/minimist/-/minimist-0.0.8.tgz#857fcabfc3397d2625b8228262e86aa7a011b05d"

mkdirp@^0.5.1:
  version "0.5.1"
  resolved "https://registry.yarnpkg.com/mkdirp/-/mkdirp-0.5.1.tgz#30057438eac6cf7f8c4767f38648d6697d75c903"
  dependencies:
    minimist "0.0.8"

ms@2.0.0:
  version "2.0.0"
  resolved "https://registry.yarnpkg.com/ms/-/ms-2.0.0.tgz#5608aeadfc00be6c2901df5f9861788de0d597c8"

number-is-nan@^1.0.0:
  version "1.0.1"
  resolved "https://registry.yarnpkg.com/number-is-nan/-/number-is-nan-1.0.1.tgz#097b602b53422a522c1afb8790318336941a011d"

once@^1.3.0:
  version "1.4.0"
  resolved "https://registry.yarnpkg.com/once/-/once-1.4.0.tgz#583b1aa775961d4b113ac17d9c50baef9dd76bd1"
  dependencies:
    wrappy "1"

os-homedir@^1.0.0:
  version "1.0.2"
  resolved "https://registry.yarnpkg.com/os-homedir/-/os-homedir-1.0.2.tgz#ffbc4988336e0e833de0c168c7ef152121aa7fb3"

os-tmpdir@^1.0.1:
  version "1.0.2"
  resolved "https://registry.yarnpkg.com/os-tmpdir/-/os-tmpdir-1.0.2.tgz#bbe67406c79aa85c5cfec766fe5734555dfa1274"

path-is-absolute@^1.0.0:
  version "1.0.1"
  resolved "https://registry.yarnpkg.com/path-is-absolute/-/path-is-absolute-1.0.1.tgz#174b9268735534ffbc7ace6bf53a5a9e1b5c5f5f"

private@^0.1.6:
  version "0.1.7"
  resolved "https://registry.yarnpkg.com/private/-/private-0.1.7.tgz#68ce5e8a1ef0a23bb570cc28537b5332aba63ef1"

regenerator-runtime@^0.10.0:
  version "0.10.5"
  resolved "https://registry.yarnpkg.com/regenerator-runtime/-/regenerator-runtime-0.10.5.tgz#336c3efc1220adcedda2c9fab67b5a7955a33658"

repeat-string@^1.5.2:
  version "1.6.1"
  resolved "https://registry.yarnpkg.com/repeat-string/-/repeat-string-1.6.1.tgz#8dcae470e1c88abc2d600fff4a776286da75e637"

repeating@^2.0.0:
  version "2.0.1"
  resolved "https://registry.yarnpkg.com/repeating/-/repeating-2.0.1.tgz#5214c53a926d3552707527fbab415dbc08d06dda"
  dependencies:
    is-finite "^1.0.0"

right-align@^0.1.1:
  version "0.1.3"
  resolved "https://registry.yarnpkg.com/right-align/-/right-align-0.1.3.tgz#61339b722fe6a3515689210d24e14c96148613ef"
  dependencies:
    align-text "^0.1.1"

rollup@^0.36.3:
  version "0.36.4"
  resolved "https://registry.yarnpkg.com/rollup/-/rollup-0.36.4.tgz#a224494c5386c1d73d38f7bb86f69f5eb011a3d2"
  dependencies:
    source-map-support "^0.4.0"

rsvp@^3.0.13:
  version "3.6.0"
  resolved "https://registry.yarnpkg.com/rsvp/-/rsvp-3.6.0.tgz#666dfffa715f7e10eef76f4d1e56fb2566fce5c3"

semver@^4.3.3:
  version "4.3.6"
  resolved "https://registry.yarnpkg.com/semver/-/semver-4.3.6.tgz#300bc6e0e86374f7ba61068b5b1ecd57fc6532da"

slash@^1.0.0:
  version "1.0.0"
  resolved "https://registry.yarnpkg.com/slash/-/slash-1.0.0.tgz#c41f2f6c39fc16d1cd17ad4b5d896114ae470d55"

source-map-support@^0.4.0, source-map-support@^0.4.2:
  version "0.4.15"
  resolved "https://registry.yarnpkg.com/source-map-support/-/source-map-support-0.4.15.tgz#03202df65c06d2bd8c7ec2362a193056fef8d3b1"
  dependencies:
    source-map "^0.5.6"

source-map-support@~0.2.8:
  version "0.2.10"
  resolved "https://registry.yarnpkg.com/source-map-support/-/source-map-support-0.2.10.tgz#ea5a3900a1c1cb25096a0ae8cc5c2b4b10ded3dc"
  dependencies:
    source-map "0.1.32"

source-map@0.1.32:
  version "0.1.32"
  resolved "https://registry.yarnpkg.com/source-map/-/source-map-0.1.32.tgz#c8b6c167797ba4740a8ea33252162ff08591b266"
  dependencies:
    amdefine ">=0.0.4"

source-map@^0.5.0, source-map@^0.5.3, source-map@^0.5.6, source-map@~0.5.1:
  version "0.5.6"
  resolved "https://registry.yarnpkg.com/source-map/-/source-map-0.5.6.tgz#75ce38f52bf0733c5a7f0c118d81334a2bb5f412"

strip-ansi@^3.0.0:
  version "3.0.1"
  resolved "https://registry.yarnpkg.com/strip-ansi/-/strip-ansi-3.0.1.tgz#6a385fb8853d952d5ff05d0e8aaf94278dc63dcf"
  dependencies:
    ansi-regex "^2.0.0"

supports-color@^2.0.0:
  version "2.0.0"
  resolved "https://registry.yarnpkg.com/supports-color/-/supports-color-2.0.0.tgz#535d045ce6b6363fa40117084629995e9df324c7"

systemjs-builder@^0.16.9:
  version "0.16.9"
  resolved "https://registry.yarnpkg.com/systemjs-builder/-/systemjs-builder-0.16.9.tgz#f7ed90ae73739a49c954e5592d35c49a3b51be76"
  dependencies:
    babel-core "^6.24.1"
    babel-plugin-syntax-dynamic-import "^6.18.0"
    babel-plugin-transform-amd-system-wrapper "^0.3.7"
    babel-plugin-transform-cjs-system-wrapper "^0.6.2"
    babel-plugin-transform-es2015-modules-systemjs "^6.6.5"
    babel-plugin-transform-global-system-wrapper "^0.3.4"
    babel-plugin-transform-system-register "^0.0.1"
    bluebird "^3.3.4"
    data-uri-to-buffer "0.0.4"
    es6-template-strings "^2.0.0"
    glob "^7.0.3"
    mkdirp "^0.5.1"
    rollup "^0.36.3"
    source-map "^0.5.3"
    systemjs "^0.19.46"
    traceur "0.0.105"
    uglify-js "^2.6.1"

systemjs@^0.19.46:
  version "0.19.47"
  resolved "https://registry.yarnpkg.com/systemjs/-/systemjs-0.19.47.tgz#c8c93937180f3f5481c769cd2720763fb4a31c6f"
  dependencies:
    when "^3.7.5"

to-fast-properties@^1.0.1:
  version "1.0.3"
  resolved "https://registry.yarnpkg.com/to-fast-properties/-/to-fast-properties-1.0.3.tgz#b83571fa4d8c25b82e231b06e3a3055de4ca1a47"

traceur@0.0.105:
  version "0.0.105"
  resolved "https://registry.yarnpkg.com/traceur/-/traceur-0.0.105.tgz#5cf9dee83d6b77861c3d6c44d53859aed7ab0479"
  dependencies:
    commander "2.9.x"
    glob "5.0.x"
    rsvp "^3.0.13"
    semver "^4.3.3"
    source-map-support "~0.2.8"

trim-right@^1.0.1:
  version "1.0.1"
  resolved "https://registry.yarnpkg.com/trim-right/-/trim-right-1.0.1.tgz#cb2e1203067e0c8de1f614094b9fe45704ea6003"

uglify-js@^2.6.1:
  version "2.8.29"
  resolved "https://registry.yarnpkg.com/uglify-js/-/uglify-js-2.8.29.tgz#29c5733148057bb4e1f75df35b7a9cb72e6a59dd"
  dependencies:
    source-map "~0.5.1"
    yargs "~3.10.0"
  optionalDependencies:
    uglify-to-browserify "~1.0.0"

uglify-to-browserify@~1.0.0:
  version "1.0.2"
  resolved "https://registry.yarnpkg.com/uglify-to-browserify/-/uglify-to-browserify-1.0.2.tgz#6e0924d6bda6b5afe349e39a6d632850a0f882b7"

when@^3.7.5:
  version "3.7.8"
  resolved "https://registry.yarnpkg.com/when/-/when-3.7.8.tgz#c7130b6a7ea04693e842cdc9e7a1f2aa39a39f82"

window-size@0.1.0:
  version "0.1.0"
  resolved "https://registry.yarnpkg.com/window-size/-/window-size-0.1.0.tgz#5438cd2ea93b202efa3a19fe8887aee7c94f9c9d"

wordwrap@0.0.2:
  version "0.0.2"
  resolved "https://registry.yarnpkg.com/wordwrap/-/wordwrap-0.0.2.tgz#b79669bb42ecb409f83d583cad52ca17eaa1643f"

wrappy@1:
  version "1.0.2"
  resolved "https://registry.yarnpkg.com/wrappy/-/wrappy-1.0.2.tgz#b5243d8f3ec1aa35f1364605bc0d1036e30ab69f"

yargs@~3.10.0:
  version "3.10.0"
  resolved "https://registry.yarnpkg.com/yargs/-/yargs-3.10.0.tgz#f7ee7bd857dd7c1d2d38c0e74efbd681d1431fd1"
  dependencies:
    camelcase "^1.0.2"
    cliui "^2.1.0"
    decamelize "^1.0.0"
    window-size "0.1.0"
